
Microsoft Visual Studio Solution File, Format Version 12.00
# Visual Studio Version 17
VisualStudioVersion = 17.5.002.0
MinimumVisualStudioVersion = 10.0.40219.1
Project("{9A19103F-16F7-4668-BE54-9A1E7A4F7556}") = "RazorPagesMovie", "RazorPagesMovie.csproj", "{16FD421C-6CF4-4F76-8488-95EE88CFC33C}"
EndProject
Global
	GlobalSection(SolutionConfigurationPlatforms) = preSolution
		Debug|Any CPU = Debug|Any CPU
		Release|Any CPU = Release|Any CPU
	EndGlobalSection
	GlobalSection(ProjectConfigurationPlatforms) = postSolution
		{16FD421C-6CF4-4F76-8488-95EE88CFC33C}.Debug|Any CPU.ActiveCfg = Debug|Any CPU
		{16FD421C-6CF4-4F76-8488-95EE88CFC33C}.Debug|Any CPU.Build.0 = Debug|Any CPU
		{16FD421C-6CF4-4F76-8488-95EE88CFC33C}.Release|Any CPU.ActiveCfg = Release|Any CPU
		{16FD421C-6CF4-4F76-8488-95EE88CFC33C}.Release|Any CPU.Build.0 = Release|Any CPU
	EndGlobalSection
	GlobalSection(SolutionProperties) = preSolution
		HideSolutionNode = FALSE
	EndGlobalSection
	GlobalSection(ExtensibilityGlobals) = postSolution
		SolutionGuid = {6D5645B5-C4B4-438D-8881-23FE5C45E290}
	EndGlobalSection
EndGlobal
