
Microsoft Visual Studio Solution File, Format Version 12.00
# Visual Studio Version 17
VisualStudioVersion = 17.5.002.0
MinimumVisualStudioVersion = 10.0.40219.1
Project("{9A19103F-16F7-4668-BE54-9A1E7A4F7556}") = "Ceng382_23_24_s_202011034", "Ceng382_23_24_s_202011034.csproj", "{EC60A1AB-7080-439A-BA22-0D06A8FEE0F3}"
EndProject
Global
	GlobalSection(SolutionConfigurationPlatforms) = preSolution
		Debug|Any CPU = Debug|Any CPU
		Release|Any CPU = Release|Any CPU
	EndGlobalSection
	GlobalSection(ProjectConfigurationPlatforms) = postSolution
		{EC60A1AB-7080-439A-BA22-0D06A8FEE0F3}.Debug|Any CPU.ActiveCfg = Debug|Any CPU
		{EC60A1AB-7080-439A-BA22-0D06A8FEE0F3}.Debug|Any CPU.Build.0 = Debug|Any CPU
		{EC60A1AB-7080-439A-BA22-0D06A8FEE0F3}.Release|Any CPU.ActiveCfg = Release|Any CPU
		{EC60A1AB-7080-439A-BA22-0D06A8FEE0F3}.Release|Any CPU.Build.0 = Release|Any CPU
	EndGlobalSection
	GlobalSection(SolutionProperties) = preSolution
		HideSolutionNode = FALSE
	EndGlobalSection
	GlobalSection(ExtensibilityGlobals) = postSolution
		SolutionGuid = {AB1A0DE7-E210-44D3-813D-C7343D5A7DD8}
	EndGlobalSection
EndGlobal
